
Microsoft Visual Studio Solution File, Format Version 12.00
# Visual Studio 2015
Project("{FAE04EC0-301F-11D3-BF4B-00C04F79EFBC}") = "Ludum Dare 37.Plugins", "Ludum Dare 37.Plugins.csproj", "{39AB3ED1-9A32-6C78-AA33-F9C1D8097058}"
EndProject
Project("{FAE04EC0-301F-11D3-BF4B-00C04F79EFBC}") = "Ludum Dare 37.Editor.Plugins", "Ludum Dare 37.Editor.Plugins.csproj", "{1791643F-7C6E-C20F-91F1-B984051E2235}"
EndProject
Global
	GlobalSection(SolutionConfigurationPlatforms) = preSolution
		Debug|Any CPU = Debug|Any CPU
		Release|Any CPU = Release|Any CPU
	EndGlobalSection
	GlobalSection(ProjectConfigurationPlatforms) = postSolution
		{39AB3ED1-9A32-6C78-AA33-F9C1D8097058}.Debug|Any CPU.ActiveCfg = Debug|Any CPU
		{39AB3ED1-9A32-6C78-AA33-F9C1D8097058}.Debug|Any CPU.Build.0 = Debug|Any CPU
		{39AB3ED1-9A32-6C78-AA33-F9C1D8097058}.Release|Any CPU.ActiveCfg = Release|Any CPU
		{39AB3ED1-9A32-6C78-AA33-F9C1D8097058}.Release|Any CPU.Build.0 = Release|Any CPU
		{1791643F-7C6E-C20F-91F1-B984051E2235}.Debug|Any CPU.ActiveCfg = Debug|Any CPU
		{1791643F-7C6E-C20F-91F1-B984051E2235}.Debug|Any CPU.Build.0 = Debug|Any CPU
		{1791643F-7C6E-C20F-91F1-B984051E2235}.Release|Any CPU.ActiveCfg = Release|Any CPU
		{1791643F-7C6E-C20F-91F1-B984051E2235}.Release|Any CPU.Build.0 = Release|Any CPU
	EndGlobalSection
	GlobalSection(SolutionProperties) = preSolution
		HideSolutionNode = FALSE
	EndGlobalSection
EndGlobal
